PODS:
  - Alamofire (4.8.2)
  - CYLTabBarController (1.17.23)
  - Differentiator (3.1.0)
  - FDFullscreenPopGesture_Bell (2.0)
  - HandyJSON (5.0.0-beta)
  - Kingfisher (4.8.1)
  - MJRefresh (3.1.15.7)
  - Moya/Core (13.0.0):
    - Alamofire (~> 4.1)
    - Result (~> 4.1)
  - Moya/RxSwift (13.0.0):
    - Moya/Core
    - RxSwift (~> 4.0)
  - "NSObject+Rx (4.2.0)":
    - RxSwift (~> 4.0)
  - Result (4.1.0)
  - Reusable (4.0.5):
    - Reusable/Storyboard (= 4.0.5)
    - Reusable/View (= 4.0.5)
  - Reusable/Storyboard (4.0.5)
  - Reusable/View (4.0.5)
  - RxCocoa (4.1.2):
    - RxSwift (~> 4.0)
  - RxDataSources (3.0.2):
    - Differentiator (~> 3.0)
    - RxCocoa (~> 4.0)
    - RxSwift (~> 4.0)
  - RxSwift (4.1.2)
  - SKPhotoBrowser (6.1.0)
  - SnapKit (4.0.1)
  - SVProgressHUD (2.2.5)
  - Then (2.3.0)
  - Validator (3.1.1)
  - YYCategories (1.0.4):
    - YYCategories/no-arc (= 1.0.4)
  - YYCategories/no-arc (1.0.4)
  - YYText (1.0.7)

DEPENDENCIES:
  - CYLTabBarController (~> 1.17.6)
  - FDFullscreenPopGesture_Bell (~> 2.0)
  - HandyJSON (= 5.0.0-beta)
  - Kingfisher (~> 4.8.0)
  - MJRefresh (~> 3.1.15.1)
  - Moya/RxSwift
  - "NSObject+Rx (~> 4.2.0)"
  - Reusable (~> 4.0.0)
  - RxCocoa (~> 4.1.2)
  - RxDataSources (~> 3.0.2)
  - RxSwift (~> 4.1.2)
  - SKPhotoBrowser
  - SnapKit (~> 4.0.0)
  - SVProgressHUD (~> 2.2.2)
  - Then (~> 2.3.0)
  - Validator
  - YYCategories (~> 1.0.4)
  - YYText (~> 1.0.7)

SPEC REPOS:
  https://github.com/cocoapods/specs.git:
    - Alamofire
    - CYLTabBarController
    - Differentiator
    - FDFullscreenPopGesture_Bell
    - HandyJSON
    - Kingfisher
    - MJRefresh
    - Moya
    - "NSObject+Rx"
    - Result
    - Reusable
    - RxCocoa
    - RxDataSources
    - RxSwift
    - SKPhotoBrowser
    - SnapKit
    - SVProgressHUD
    - Then
    - Validator
    - YYCategories
    - YYText

SPEC CHECKSUMS:
  Alamofire: ae5c501addb7afdbb13687d7f2f722c78734c2d3
  CYLTabBarController: 73889c1ccc7685221d85ac2dbf188900543f17d0
  Differentiator: be49ca3408f0ecfc761e4c7763d20c62be01b9ad
  FDFullscreenPopGesture_Bell: 7512810077dd7f167cfb6a14e060cdfd71ca5729
  HandyJSON: b84ac9904050a0897a0802092b7cb8808e0a4e9a
  Kingfisher: 868c1149679a7ab6869be118faa9b5aed154aaf0
  MJRefresh: 697f8ec75ebdbe9207767bb682cf0f51b0d8a41f
  Moya: 161263550064ff8a4948e8ff63137fd72a876292
  "NSObject+Rx": cbbc05e3cb3ad446cdbced3e00e39c9efaf02925
  Result: bd966fac789cc6c1563440b348ab2598cc24d5c7
  Reusable: 188be1a54ac0691bc66e5bb24ec6eb91971b315b
  RxCocoa: d88ba0f1f6abf040011a9eb4b539324fc426843a
  RxDataSources: cb7c31e652a87ebb919da45f716bbb87b3765f6b
  RxSwift: e49536837d9901277638493ea537394d4b55f570
  SKPhotoBrowser: 343de95d89dc7913763c5dda243cc6e606e4a168
  SnapKit: 0de968a9fec17499afa29683b05d0c775b6d1c29
  SVProgressHUD: 1428aafac632c1f86f62aa4243ec12008d7a51d6
  Then: ee21c97b85ff6062b9b0080c9abb1eea46743345
  Validator: b34ab17a8fffd0c1ffd8f9002ead4d1e02cd9e6e
  YYCategories: 6bcd4314c6661a561410dce4a793379ebd306abd
  YYText: 5c461d709e24d55a182d1441c41dc639a18a4849

PODFILE CHECKSUM: 6784b10c2fbc6c0413a0bd0e18f5f38d4ce847cd

COCOAPODS: 1.5.3
